# THIS FILE IS NOT USED BY THE APPLICATION BUT REQUIRED FOR VSCODE INTELLISENSE TO WORK
Microsoft Visual Studio Solution File, Format Version 12.00
# Visual Studio Version 17
VisualStudioVersion = 17.5.002.0
MinimumVisualStudioVersion = 10.0.40219.1
Project("{2150E333-8FDC-42A3-9474-1A3956D46DE8}") = "src", "src", "{F6838C55-C8CC-449E-82FC-32D45831BE9B}"
EndProject
Project("{9A19103F-16F7-4668-BE54-9A1E7A4F7556}") = "GalaxyMapSiteApi", "src\service\GalaxyMapSiteApi.csproj", "{5ADD62CC-C4CE-4FCE-BC62-2D38676106FA}"
EndProject
Global
	GlobalSection(SolutionConfigurationPlatforms) = preSolution
		Debug|Any CPU = Debug|Any CPU
		Release|Any CPU = Release|Any CPU
	EndGlobalSection
	GlobalSection(ProjectConfigurationPlatforms) = postSolution
		{5ADD62CC-C4CE-4FCE-BC62-2D38676106FA}.Debug|Any CPU.ActiveCfg = Debug|Any CPU
		{5ADD62CC-C4CE-4FCE-BC62-2D38676106FA}.Debug|Any CPU.Build.0 = Debug|Any CPU
		{5ADD62CC-C4CE-4FCE-BC62-2D38676106FA}.Release|Any CPU.ActiveCfg = Release|Any CPU
		{5ADD62CC-C4CE-4FCE-BC62-2D38676106FA}.Release|Any CPU.Build.0 = Release|Any CPU
	EndGlobalSection
	GlobalSection(SolutionProperties) = preSolution
		HideSolutionNode = FALSE
	EndGlobalSection
	GlobalSection(NestedProjects) = preSolution
		{5ADD62CC-C4CE-4FCE-BC62-2D38676106FA} = {F6838C55-C8CC-449E-82FC-32D45831BE9B}
	EndGlobalSection
	GlobalSection(ExtensibilityGlobals) = postSolution
		SolutionGuid = {83558B5F-4F2D-4D6C-A652-CC0EC2499014}
	EndGlobalSection
EndGlobal
